// !$*UTF8*$!
{
	archiveVersion = 1;
	classes = {
	};
	objectVersion = 46;
	objects = {

/* Begin PBXBuildFile section */
		6416E0FD1C8DD7400096102C /* VectorViewController.swift in Sources */ = {isa = PBXBuildFile; fileRef = 6416E0FC1C8DD7400096102C /* VectorViewController.swift */; };
		643308821C8B10F10082BF5F /* AppDelegate.swift in Sources */ = {isa = PBXBuildFile; fileRef = 643308811C8B10F10082BF5F /* AppDelegate.swift */; };
		643308841C8B10F10082BF5F /* ViewController.swift in Sources */ = {isa = PBXBuildFile; fileRef = 643308831C8B10F10082BF5F /* ViewController.swift */; };
		643308871C8B10F10082BF5F /* Main.storyboard in Resources */ = {isa = PBXBuildFile; fileRef = 643308851C8B10F10082BF5F /* Main.storyboard */; };
		643308891C8B10F10082BF5F /* Assets.xcassets in Resources */ = {isa = PBXBuildFile; fileRef = 643308881C8B10F10082BF5F /* Assets.xcassets */; };
		6433088C1C8B10F10082BF5F /* LaunchScreen.storyboard in Resources */ = {isa = PBXBuildFile; fileRef = 6433088A1C8B10F10082BF5F /* LaunchScreen.storyboard */; };
		643308971C8B10F10082BF5F /* CivilTests.swift in Sources */ = {isa = PBXBuildFile; fileRef = 643308961C8B10F10082BF5F /* CivilTests.swift */; };
		643308A21C8B10F10082BF5F /* CivilUITests.swift in Sources */ = {isa = PBXBuildFile; fileRef = 643308A11C8B10F10082BF5F /* CivilUITests.swift */; };
		64849D3F1C8E4E5B00AF977C /* Charts.framework in Frameworks */ = {isa = PBXBuildFile; fileRef = 64849D381C8E4E4800AF977C /* Charts.framework */; };
		64849D401C8E4E5B00AF977C /* Charts.framework in Embed Frameworks */ = {isa = PBXBuildFile; fileRef = 64849D381C8E4E4800AF977C /* Charts.framework */; settings = {ATTRIBUTES = (CodeSignOnCopy, RemoveHeadersOnCopy, ); }; };
/* End PBXBuildFile section */

/* Begin PBXContainerItemProxy section */
		643308931C8B10F10082BF5F /* PBXContainerItemProxy */ = {
			isa = PBXContainerItemProxy;
			containerPortal = 643308761C8B10F10082BF5F /* Project object */;
			proxyType = 1;
			remoteGlobalIDString = 6433087D1C8B10F10082BF5F;
			remoteInfo = Civil;
		};
		6433089E1C8B10F10082BF5F /* PBXContainerItemProxy */ = {
			isa = PBXContainerItemProxy;
			containerPortal = 643308761C8B10F10082BF5F /* Project object */;
			proxyType = 1;
			remoteGlobalIDString = 6433087D1C8B10F10082BF5F;
			remoteInfo = Civil;
		};
		64849D371C8E4E4800AF977C /* PBXContainerItemProxy */ = {
			isa = PBXContainerItemProxy;
			containerPortal = 64849D301C8E4E4800AF977C /* Charts.xcodeproj */;
			proxyType = 2;
			remoteGlobalIDString = 5BA8EC401A9D14DC00CE82E1;
			remoteInfo = "Charts-iOS";
		};
		64849D391C8E4E4800AF977C /* PBXContainerItemProxy */ = {
			isa = PBXContainerItemProxy;
			containerPortal = 64849D301C8E4E4800AF977C /* Charts.xcodeproj */;
			proxyType = 2;
			remoteGlobalIDString = A52C5C371BAC5CA400594CDD;
			remoteInfo = "Charts-TV";
		};
		64849D3B1C8E4E4800AF977C /* PBXContainerItemProxy */ = {
			isa = PBXContainerItemProxy;
			containerPortal = 64849D301C8E4E4800AF977C /* Charts.xcodeproj */;
			proxyType = 2;
			remoteGlobalIDString = 65B3F5BF1C7370BE000983D0;
			remoteInfo = "Charts-OSX";
		};
		64849D3D1C8E4E4800AF977C /* PBXContainerItemProxy */ = {
			isa = PBXContainerItemProxy;
			containerPortal = 64849D301C8E4E4800AF977C /* Charts.xcodeproj */;
			proxyType = 2;
			remoteGlobalIDString = 06AEE7A21BDC3F8B009875AE;
			remoteInfo = ChartsTests;
		};
		64849D411C8E4E5B00AF977C /* PBXContainerItemProxy */ = {
			isa = PBXContainerItemProxy;
			containerPortal = 64849D301C8E4E4800AF977C /* Charts.xcodeproj */;
			proxyType = 1;
			remoteGlobalIDString = 5BA8EC3F1A9D14DC00CE82E1;
			remoteInfo = "Charts-iOS";
		};
/* End PBXContainerItemProxy section */

/* Begin PBXCopyFilesBuildPhase section */
		64849D2D1C8E457F00AF977C /* Embed Frameworks */ = {
			isa = PBXCopyFilesBuildPhase;
			buildActionMask = 2147483647;
			dstPath = "";
			dstSubfolderSpec = 10;
			files = (
				64849D401C8E4E5B00AF977C /* Charts.framework in Embed Frameworks */,
			);
			name = "Embed Frameworks";
			runOnlyForDeploymentPostprocessing = 0;
		};
/* End PBXCopyFilesBuildPhase section */

/* Begin PBXFileReference section */
		6416E0FC1C8DD7400096102C /* VectorViewController.swift */ = {isa = PBXFileReference; fileEncoding = 4; lastKnownFileType = sourcecode.swift; path = VectorViewController.swift; sourceTree = "<group>"; };
		6433087E1C8B10F10082BF5F /* Civil.app */ = {isa = PBXFileReference; explicitFileType = wrapper.application; includeInIndex = 0; path = Civil.app; sourceTree = BUILT_PRODUCTS_DIR; };
		643308811C8B10F10082BF5F /* AppDelegate.swift */ = {isa = PBXFileReference; lastKnownFileType = sourcecode.swift; path = AppDelegate.swift; sourceTree = "<group>"; };
		643308831C8B10F10082BF5F /* ViewController.swift */ = {isa = PBXFileReference; lastKnownFileType = sourcecode.swift; path = ViewController.swift; sourceTree = "<group>"; };
		643308861C8B10F10082BF5F /* Base */ = {isa = PBXFileReference; lastKnownFileType = file.storyboard; name = Base; path = Base.lproj/Main.storyboard; sourceTree = "<group>"; };
		643308881C8B10F10082BF5F /* Assets.xcassets */ = {isa = PBXFileReference; lastKnownFileType = folder.assetcatalog; path = Assets.xcassets; sourceTree = "<group>"; };
		6433088B1C8B10F10082BF5F /* Base */ = {isa = PBXFileReference; lastKnownFileType = file.storyboard; name = Base; path = Base.lproj/LaunchScreen.storyboard; sourceTree = "<group>"; };
		6433088D1C8B10F10082BF5F /* Info.plist */ = {isa = PBXFileReference; lastKnownFileType = text.plist.xml; path = Info.plist; sourceTree = "<group>"; };
		643308921C8B10F10082BF5F /* CivilTests.xctest */ = {isa = PBXFileReference; explicitFileType = wrapper.cfbundle; includeInIndex = 0; path = CivilTests.xctest; sourceTree = BUILT_PRODUCTS_DIR; };
		643308961C8B10F10082BF5F /* CivilTests.swift */ = {isa = PBXFileReference; lastKnownFileType = sourcecode.swift; path = CivilTests.swift; sourceTree = "<group>"; };
		643308981C8B10F10082BF5F /* Info.plist */ = {isa = PBXFileReference; lastKnownFileType = text.plist.xml; path = Info.plist; sourceTree = "<group>"; };
		6433089D1C8B10F10082BF5F /* CivilUITests.xctest */ = {isa = PBXFileReference; explicitFileType = wrapper.cfbundle; includeInIndex = 0; path = CivilUITests.xctest; sourceTree = BUILT_PRODUCTS_DIR; };
		643308A11C8B10F10082BF5F /* CivilUITests.swift */ = {isa = PBXFileReference; lastKnownFileType = sourcecode.swift; path = CivilUITests.swift; sourceTree = "<group>"; };
		643308A31C8B10F10082BF5F /* Info.plist */ = {isa = PBXFileReference; lastKnownFileType = text.plist.xml; path = Info.plist; sourceTree = "<group>"; };
		64849D301C8E4E4800AF977C /* Charts.xcodeproj */ = {isa = PBXFileReference; lastKnownFileType = "wrapper.pb-project"; name = Charts.xcodeproj; path = Charts/Charts.xcodeproj; sourceTree = "<group>"; };
/* End PBXFileReference section */

/* Begin PBXFrameworksBuildPhase section */
		6433087B1C8B10F10082BF5F /* Frameworks */ = {
			isa = PBXFrameworksBuildPhase;
			buildActionMask = 2147483647;
			files = (
				64849D3F1C8E4E5B00AF977C /* Charts.framework in Frameworks */,
			);
			runOnlyForDeploymentPostprocessing = 0;
		};
		6433088F1C8B10F10082BF5F /* Frameworks */ = {
			isa = PBXFrameworksBuildPhase;
			buildActionMask = 2147483647;
			files = (
			);
			runOnlyForDeploymentPostprocessing = 0;
		};
		6433089A1C8B10F10082BF5F /* Frameworks */ = {
			isa = PBXFrameworksBuildPhase;
			buildActionMask = 2147483647;
			files = (
			);
			runOnlyForDeploymentPostprocessing = 0;
		};
/* End PBXFrameworksBuildPhase section */

/* Begin PBXGroup section */
		643308751C8B10F10082BF5F = {
			isa = PBXGroup;
			children = (
				64849D301C8E4E4800AF977C /* Charts.xcodeproj */,
				6416E0FC1C8DD7400096102C /* VectorViewController.swift */,
				643308801C8B10F10082BF5F /* Civil */,
				643308951C8B10F10082BF5F /* CivilTests */,
				643308A01C8B10F10082BF5F /* CivilUITests */,
				6433087F1C8B10F10082BF5F /* Products */,
			);
			sourceTree = "<group>";
		};
		6433087F1C8B10F10082BF5F /* Products */ = {
			isa = PBXGroup;
			children = (
				6433087E1C8B10F10082BF5F /* Civil.app */,
				643308921C8B10F10082BF5F /* CivilTests.xctest */,
				6433089D1C8B10F10082BF5F /* CivilUITests.xctest */,
			);
			name = Products;
			sourceTree = "<group>";
		};
		643308801C8B10F10082BF5F /* Civil */ = {
			isa = PBXGroup;
			children = (
				643308811C8B10F10082BF5F /* AppDelegate.swift */,
				643308831C8B10F10082BF5F /* ViewController.swift */,
				643308851C8B10F10082BF5F /* Main.storyboard */,
				643308881C8B10F10082BF5F /* Assets.xcassets */,
				6433088A1C8B10F10082BF5F /* LaunchScreen.storyboard */,
				6433088D1C8B10F10082BF5F /* Info.plist */,
			);
			path = Civil;
			sourceTree = "<group>";
		};
		643308951C8B10F10082BF5F /* CivilTests */ = {
			isa = PBXGroup;
			children = (
				643308961C8B10F10082BF5F /* CivilTests.swift */,
				643308981C8B10F10082BF5F /* Info.plist */,
			);
			path = CivilTests;
			sourceTree = "<group>";
		};
		643308A01C8B10F10082BF5F /* CivilUITests */ = {
			isa = PBXGroup;
			children = (
				643308A11C8B10F10082BF5F /* CivilUITests.swift */,
				643308A31C8B10F10082BF5F /* Info.plist */,
			);
			path = CivilUITests;
			sourceTree = "<group>";
		};
		64849D311C8E4E4800AF977C /* Products */ = {
			isa = PBXGroup;
			children = (
				64849D381C8E4E4800AF977C /* Charts.framework */,
				64849D3A1C8E4E4800AF977C /* Charts.framework */,
				64849D3C1C8E4E4800AF977C /* Charts.framework */,
				64849D3E1C8E4E4800AF977C /* ChartsTests.xctest */,
			);
			name = Products;
			sourceTree = "<group>";
		};
/* End PBXGroup section */

/* Begin PBXNativeTarget section */
		6433087D1C8B10F10082BF5F /* Civil */ = {
			isa = PBXNativeTarget;
			buildConfigurationList = 643308A61C8B10F10082BF5F /* Build configuration list for PBXNativeTarget "Civil" */;
			buildPhases = (
				6433087A1C8B10F10082BF5F /* Sources */,
				6433087B1C8B10F10082BF5F /* Frameworks */,
				6433087C1C8B10F10082BF5F /* Resources */,
				64849D2D1C8E457F00AF977C /* Embed Frameworks */,
			);
			buildRules = (
			);
			dependencies = (
				64849D421C8E4E5B00AF977C /* PBXTargetDependency */,
			);
			name = Civil;
			productName = Civil;
			productReference = 6433087E1C8B10F10082BF5F /* Civil.app */;
			productType = "com.apple.product-type.application";
		};
		643308911C8B10F10082BF5F /* CivilTests */ = {
			isa = PBXNativeTarget;
			buildConfigurationList = 643308A91C8B10F10082BF5F /* Build configuration list for PBXNativeTarget "CivilTests" */;
			buildPhases = (
				6433088E1C8B10F10082BF5F /* Sources */,
				6433088F1C8B10F10082BF5F /* Frameworks */,
				643308901C8B10F10082BF5F /* Resources */,
			);
			buildRules = (
			);
			dependencies = (
				643308941C8B10F10082BF5F /* PBXTargetDependency */,
			);
			name = CivilTests;
			productName = CivilTests;
			productReference = 643308921C8B10F10082BF5F /* CivilTests.xctest */;
			productType = "com.apple.product-type.bundle.unit-test";
		};
		6433089C1C8B10F10082BF5F /* CivilUITests */ = {
			isa = PBXNativeTarget;
			buildConfigurationList = 643308AC1C8B10F10082BF5F /* Build configuration list for PBXNativeTarget "CivilUITests" */;
			buildPhases = (
				643308991C8B10F10082BF5F /* Sources */,
				6433089A1C8B10F10082BF5F /* Frameworks */,
				6433089B1C8B10F10082BF5F /* Resources */,
			);
			buildRules = (
			);
			dependencies = (
				6433089F1C8B10F10082BF5F /* PBXTargetDependency */,
			);
			name = CivilUITests;
			productName = CivilUITests;
			productReference = 6433089D1C8B10F10082BF5F /* CivilUITests.xctest */;
			productType = "com.apple.product-type.bundle.ui-testing";
		};
/* End PBXNativeTarget section */

/* Begin PBXProject section */
		643308761C8B10F10082BF5F /* Project object */ = {
			isa = PBXProject;
			attributes = {
				LastSwiftUpdateCheck = 0720;
				LastUpgradeCheck = 0720;
				ORGANIZATIONNAME = "Alper Duran";
				TargetAttributes = {
					6433087D1C8B10F10082BF5F = {
						CreatedOnToolsVersion = 7.2.1;
						DevelopmentTeam = 37QP5GQ5Y3;
					};
					643308911C8B10F10082BF5F = {
						CreatedOnToolsVersion = 7.2.1;
						DevelopmentTeam = 37QP5GQ5Y3;
						TestTargetID = 6433087D1C8B10F10082BF5F;
					};
					6433089C1C8B10F10082BF5F = {
						CreatedOnToolsVersion = 7.2.1;
						DevelopmentTeam = 37QP5GQ5Y3;
						TestTargetID = 6433087D1C8B10F10082BF5F;
					};
				};
			};
			buildConfigurationList = 643308791C8B10F10082BF5F /* Build configuration list for PBXProject "Civil" */;
			compatibilityVersion = "Xcode 3.2";
			developmentRegion = English;
			hasScannedForEncodings = 0;
			knownRegions = (
				en,
				Base,
			);
			mainGroup = 643308751C8B10F10082BF5F;
			productRefGroup = 6433087F1C8B10F10082BF5F /* Products */;
			projectDirPath = "";
			projectReferences = (
				{
					ProductGroup = 64849D311C8E4E4800AF977C /* Products */;
					ProjectRef = 64849D301C8E4E4800AF977C /* Charts.xcodeproj */;
				},
			);
			projectRoot = "";
			targets = (
				6433087D1C8B10F10082BF5F /* Civil */,
				643308911C8B10F10082BF5F /* CivilTests */,
				6433089C1C8B10F10082BF5F /* CivilUITests */,
			);
		};
/* End PBXProject section */

/* Begin PBXReferenceProxy section */
		64849D381C8E4E4800AF977C /* Charts.framework */ = {
			isa = PBXReferenceProxy;
			fileType = wrapper.framework;
			path = Charts.framework;
			remoteRef = 64849D371C8E4E4800AF977C /* PBXContainerItemProxy */;
			sourceTree = BUILT_PRODUCTS_DIR;
		};
		64849D3A1C8E4E4800AF977C /* Charts.framework */ = {
			isa = PBXReferenceProxy;
			fileType = wrapper.framework;
			path = Charts.framework;
			remoteRef = 64849D391C8E4E4800AF977C /* PBXContainerItemProxy */;
			sourceTree = BUILT_PRODUCTS_DIR;
		};
		64849D3C1C8E4E4800AF977C /* Charts.framework */ = {
			isa = PBXReferenceProxy;
			fileType = wrapper.framework;
			path = Charts.framework;
			remoteRef = 64849D3B1C8E4E4800AF977C /* PBXContainerItemProxy */;
			sourceTree = BUILT_PRODUCTS_DIR;
		};
		64849D3E1C8E4E4800AF977C /* ChartsTests.xctest */ = {
			isa = PBXReferenceProxy;
			fileType = wrapper.cfbundle;
			path = ChartsTests.xctest;
			remoteRef = 64849D3D1C8E4E4800AF977C /* PBXContainerItemProxy */;
			sourceTree = BUILT_PRODUCTS_DIR;
		};
/* End PBXReferenceProxy section */

/* Begin PBXResourcesBuildPhase section */
		6433087C1C8B10F10082BF5F /* Resources */ = {
			isa = PBXResourcesBuildPhase;
			buildActionMask = 2147483647;
			files = (
				6433088C1C8B10F10082BF5F /* LaunchScreen.storyboard in Resources */,
				643308891C8B10F10082BF5F /* Assets.xcassets in Resources */,
				643308871C8B10F10082BF5F /* Main.storyboard in Resources */,
			);
			runOnlyForDeploymentPostprocessing = 0;
		};
		643308901C8B10F10082BF5F /* Resources */ = {
			isa = PBXResourcesBuildPhase;
			buildActionMask = 2147483647;
			files = (
			);
			runOnlyForDeploymentPostprocessing = 0;
		};
		6433089B1C8B10F10082BF5F /* Resources */ = {
			isa = PBXResourcesBuildPhase;
			buildActionMask = 2147483647;
			files = (
			);
			runOnlyForDeploymentPostprocessing = 0;
		};
/* End PBXResourcesBuildPhase section */

/* Begin PBXSourcesBuildPhase section */
		6433087A1C8B10F10082BF5F /* Sources */ = {
			isa = PBXSourcesBuildPhase;
			buildActionMask = 2147483647;
			files = (
				643308841C8B10F10082BF5F /* ViewController.swift in Sources */,
				643308821C8B10F10082BF5F /* AppDelegate.swift in Sources */,
				6416E0FD1C8DD7400096102C /* VectorViewController.swift in Sources */,
			);
			runOnlyForDeploymentPostprocessing = 0;
		};
		6433088E1C8B10F10082BF5F /* Sources */ = {
			isa = PBXSourcesBuildPhase;
			buildActionMask = 2147483647;
			files = (
				643308971C8B10F10082BF5F /* CivilTests.swift in Sources */,
			);
			runOnlyForDeploymentPostprocessing = 0;
		};
		643308991C8B10F10082BF5F /* Sources */ = {
			isa = PBXSourcesBuildPhase;
			buildActionMask = 2147483647;
			files = (
				643308A21C8B10F10082BF5F /* CivilUITests.swift in Sources */,
			);
			runOnlyForDeploymentPostprocessing = 0;
		};
/* End PBXSourcesBuildPhase section */

/* Begin PBXTargetDependency section */
		643308941C8B10F10082BF5F /* PBXTargetDependency */ = {
			isa = PBXTargetDependency;
			target = 6433087D1C8B10F10082BF5F /* Civil */;
			targetProxy = 643308931C8B10F10082BF5F /* PBXContainerItemProxy */;
		};
		6433089F1C8B10F10082BF5F /* PBXTargetDependency */ = {
			isa = PBXTargetDependency;
			target = 6433087D1C8B10F10082BF5F /* Civil */;
			targetProxy = 6433089E1C8B10F10082BF5F /* PBXContainerItemProxy */;
		};
		64849D421C8E4E5B00AF977C /* PBXTargetDependency */ = {
			isa = PBXTargetDependency;
			name = "Charts-iOS";
			targetProxy = 64849D411C8E4E5B00AF977C /* PBXContainerItemProxy */;
		};
/* End PBXTargetDependency section */

/* Begin PBXVariantGroup section */
		643308851C8B10F10082BF5F /* Main.storyboard */ = {
			isa = PBXVariantGroup;
			children = (
				643308861C8B10F10082BF5F /* Base */,
			);
			name = Main.storyboard;
			sourceTree = "<group>";
		};
		6433088A1C8B10F10082BF5F /* LaunchScreen.storyboard */ = {
			isa = PBXVariantGroup;
			children = (
				6433088B1C8B10F10082BF5F /* Base */,
			);
			name = LaunchScreen.storyboard;
			sourceTree = "<group>";
		};
/* End PBXVariantGroup section */

/* Begin XCBuildConfiguration section */
		643308A41C8B10F10082BF5F /* Debug */ = {
			isa = XCBuildConfiguration;
			buildSettings = {
				ALWAYS_SEARCH_USER_PATHS = NO;
				CLANG_CXX_LANGUAGE_STANDARD = "gnu++0x";
				CLANG_CXX_LIBRARY = "libc++";
				CLANG_ENABLE_MODULES = YES;
				CLANG_ENABLE_OBJC_ARC = YES;
				CLANG_WARN_BOOL_CONVERSION = YES;
				CLANG_WARN_CONSTANT_CONVERSION = YES;
				CLANG_WARN_DIRECT_OBJC_ISA_USAGE = YES_ERROR;
				CLANG_WARN_EMPTY_BODY = YES;
				CLANG_WARN_ENUM_CONVERSION = YES;
				CLANG_WARN_INT_CONVERSION = YES;
				CLANG_WARN_OBJC_ROOT_CLASS = YES_ERROR;
				CLANG_WARN_UNREACHABLE_CODE = YES;
				CLANG_WARN__DUPLICATE_METHOD_MATCH = YES;
				"CODE_SIGN_IDENTITY[sdk=iphoneos*]" = "iPhone Developer";
				COPY_PHASE_STRIP = NO;
				DEBUG_INFORMATION_FORMAT = dwarf;
				ENABLE_STRICT_OBJC_MSGSEND = YES;
				ENABLE_TESTABILITY = YES;
				GCC_C_LANGUAGE_STANDARD = gnu99;
				GCC_DYNAMIC_NO_PIC = NO;
				GCC_NO_COMMON_BLOCKS = YES;
				GCC_OPTIMIZATION_LEVEL = 0;
				GCC_PREPROCESSOR_DEFINITIONS = (
					"DEBUG=1",
					"$(inherited)",
				);
				GCC_WARN_64_TO_32_BIT_CONVERSION = YES;
				GCC_WARN_ABOUT_RETURN_TYPE = YES_ERROR;
				GCC_WARN_UNDECLARED_SELECTOR = YES;
				GCC_WARN_UNINITIALIZED_AUTOS = YES_AGGRESSIVE;
				GCC_WARN_UNUSED_FUNCTION = YES;
				GCC_WARN_UNUSED_VARIABLE = YES;
				IPHONEOS_DEPLOYMENT_TARGET = 9.2;
				MTL_ENABLE_DEBUG_INFO = YES;
				ONLY_ACTIVE_ARCH = YES;
				SDKROOT = iphoneos;
				SWIFT_OPTIMIZATION_LEVEL = "-Onone";
			};
			name = Debug;
		};
		643308A51C8B10F10082BF5F /* Release */ = {
			isa = XCBuildConfiguration;
			buildSettings = {
				ALWAYS_SEARCH_USER_PATHS = NO;
				CLANG_CXX_LANGUAGE_STANDARD = "gnu++0x";
				CLANG_CXX_LIBRARY = "libc++";
				CLANG_ENABLE_MODULES = YES;
				CLANG_ENABLE_OBJC_ARC = YES;
				CLANG_WARN_BOOL_CONVERSION = YES;
				CLANG_WARN_CONSTANT_CONVERSION = YES;
				CLANG_WARN_DIRECT_OBJC_ISA_USAGE = YES_ERROR;
				CLANG_WARN_EMPTY_BODY = YES;
				CLANG_WARN_ENUM_CONVERSION = YES;
				CLANG_WARN_INT_CONVERSION = YES;
				CLANG_WARN_OBJC_ROOT_CLASS = YES_ERROR;
				CLANG_WARN_UNREACHABLE_CODE = YES;
				CLANG_WARN__DUPLICATE_METHOD_MATCH = YES;
				"CODE_SIGN_IDENTITY[sdk=iphoneos*]" = "iPhone Developer";
				COPY_PHASE_STRIP = NO;
				DEBUG_INFORMATION_FORMAT = "dwarf-with-dsym";
				ENABLE_NS_ASSERTIONS = NO;
				ENABLE_STRICT_OBJC_MSGSEND = YES;
				GCC_C_LANGUAGE_STANDARD = gnu99;
				GCC_NO_COMMON_BLOCKS = YES;
				GCC_WARN_64_TO_32_BIT_CONVERSION = YES;
				GCC_WARN_ABOUT_RETURN_TYPE = YES_ERROR;
				GCC_WARN_UNDECLARED_SELECTOR = YES;
				GCC_WARN_UNINITIALIZED_AUTOS = YES_AGGRESSIVE;
				GCC_WARN_UNUSED_FUNCTION = YES;
				GCC_WARN_UNUSED_VARIABLE = YES;
				IPHONEOS_DEPLOYMENT_TARGET = 9.2;
				MTL_ENABLE_DEBUG_INFO = NO;
				SDKROOT = iphoneos;
				VALIDATE_PRODUCT = YES;
			};
			name = Release;
		};
		643308A71C8B10F10082BF5F /* Debug */ = {
			isa = XCBuildConfiguration;
			buildSettings = {
				ASSETCATALOG_COMPILER_APPICON_NAME = AppIcon;
				EMBEDDED_CONTENT_CONTAINS_SWIFT = YES;
				INFOPLIST_FILE = Civil/Info.plist;
				IPHONEOS_DEPLOYMENT_TARGET = 9.2;
				LD_RUNPATH_SEARCH_PATHS = "$(inherited) @executable_path/Frameworks";
				PRODUCT_BUNDLE_IDENTIFIER = com.AlperDuran.Civil;
				PRODUCT_NAME = "$(TARGET_NAME)";
			};
			name = Debug;
		};
		643308A81C8B10F10082BF5F /* Release */ = {
			isa = XCBuildConfiguration;
			buildSettings = {
				ASSETCATALOG_COMPILER_APPICON_NAME = AppIcon;
				EMBEDDED_CONTENT_CONTAINS_SWIFT = YES;
				INFOPLIST_FILE = Civil/Info.plist;
				IPHONEOS_DEPLOYMENT_TARGET = 9.2;
				LD_RUNPATH_SEARCH_PATHS = "$(inherited) @executable_path/Frameworks";
				PRODUCT_BUNDLE_IDENTIFIER = com.AlperDuran.Civil;
				PRODUCT_NAME = "$(TARGET_NAME)";
			};
			name = Release;
		};
		643308AA1C8B10F10082BF5F /* Debug */ = {
			isa = XCBuildConfiguration;
			buildSettings = {
				BUNDLE_LOADER = "$(TEST_HOST)";
				INFOPLIST_FILE = CivilTests/Info.plist;
				LD_RUNPATH_SEARCH_PATHS = "$(inherited) @executable_path/Frameworks @loader_path/Frameworks";
				PRODUCT_BUNDLE_IDENTIFIER = com.AlperDuran.CivilTests;
				PRODUCT_NAME = "$(TARGET_NAME)";
				TEST_HOST = "$(BUILT_PRODUCTS_DIR)/Civil.app/Civil";
			};
			name = Debug;
		};
		643308AB1C8B10F10082BF5F /* Release */ = {
			isa = XCBuildConfiguration;
			buildSettings = {
				BUNDLE_LOADER = "$(TEST_HOST)";
				INFOPLIST_FILE = CivilTests/Info.plist;
				LD_RUNPATH_SEARCH_PATHS = "$(inherited) @executable_path/Frameworks @loader_path/Frameworks";
				PRODUCT_BUNDLE_IDENTIFIER = com.AlperDuran.CivilTests;
				PRODUCT_NAME = "$(TARGET_NAME)";
				TEST_HOST = "$(BUILT_PRODUCTS_DIR)/Civil.app/Civil";
			};
			name = Release;
		};
		643308AD1C8B10F10082BF5F /* Debug */ = {
			isa = XCBuildConfiguration;
			buildSettings = {
				INFOPLIST_FILE = CivilUITests/Info.plist;
				LD_RUNPATH_SEARCH_PATHS = "$(inherited) @executable_path/Frameworks @loader_path/Frameworks";
				PRODUCT_BUNDLE_IDENTIFIER = com.AlperDuran.CivilUITests;
				PRODUCT_NAME = "$(TARGET_NAME)";
				TEST_TARGET_NAME = Civil;
				USES_XCTRUNNER = YES;
			};
			name = Debug;
		};
		643308AE1C8B10F10082BF5F /* Release */ = {
			isa = XCBuildConfiguration;
			buildSettings = {
				INFOPLIST_FILE = CivilUITests/Info.plist;
				LD_RUNPATH_SEARCH_PATHS = "$(inherited) @executable_path/Frameworks @loader_path/Frameworks";
				PRODUCT_BUNDLE_IDENTIFIER = com.AlperDuran.CivilUITests;
				PRODUCT_NAME = "$(TARGET_NAME)";
				TEST_TARGET_NAME = Civil;
				USES_XCTRUNNER = YES;
			};
			name = Release;
		};
/* End XCBuildConfiguration section */

/* Begin XCConfigurationList section */
		643308791C8B10F10082BF5F /* Build configuration list for PBXProject "Civil" */ = {
			isa = XCConfigurationList;
			buildConfigurations = (
				643308A41C8B10F10082BF5F /* Debug */,
				643308A51C8B10F10082BF5F /* Release */,
			);
			defaultConfigurationIsVisible = 0;
			defaultConfigurationName = Release;
		};
		643308A61C8B10F10082BF5F /* Build configuration list for PBXNativeTarget "Civil" */ = {
			isa = XCConfigurationList;
			buildConfigurations = (
				643308A71C8B10F10082BF5F /* Debug */,
				643308A81C8B10F10082BF5F /* Release */,
			);
			defaultConfigurationIsVisible = 0;
			defaultConfigurationName = Release;
		};
		643308A91C8B10F10082BF5F /* Build configuration list for PBXNativeTarget "CivilTests" */ = {
			isa = XCConfigurationList;
			buildConfigurations = (
				643308AA1C8B10F10082BF5F /* Debug */,
				643308AB1C8B10F10082BF5F /* Release */,
			);
			defaultConfigurationIsVisible = 0;
			defaultConfigurationName = Release;
		};
		643308AC1C8B10F10082BF5F /* Build configuration list for PBXNativeTarget "CivilUITests" */ = {
			isa = XCConfigurationList;
			buildConfigurations = (
				643308AD1C8B10F10082BF5F /* Debug */,
				643308AE1C8B10F10082BF5F /* Release */,
			);
			defaultConfigurationIsVisible = 0;
			defaultConfigurationName = Release;
		};
/* End XCConfigurationList section */
	};
	rootObject = 643308761C8B10F10082BF5F /* Project object */;
}
